
Microsoft Visual Studio Solution File, Format Version 12.00
# Visual Studio 15
VisualStudioVersion = 15.0.27703.2035
MinimumVisualStudioVersion = 10.0.40219.1
Project("{8BC9CEB8-8B4A-11D0-8D11-00A0C91BC942}") = "String", "String\String.vcxproj", "{E53B7CEA-FB4A-4E98-8D77-31E82CD1409B}"
EndProject
Global
	GlobalSection(SolutionConfigurationPlatforms) = preSolution
		Debug|x64 = Debug|x64
		Debug|x86 = Debug|x86
		Release|x64 = Release|x64
		Release|x86 = Release|x86
	EndGlobalSection
	GlobalSection(ProjectConfigurationPlatforms) = postSolution
		{E53B7CEA-FB4A-4E98-8D77-31E82CD1409B}.Debug|x64.ActiveCfg = Debug|x64
		{E53B7CEA-FB4A-4E98-8D77-31E82CD1409B}.Debug|x64.Build.0 = Debug|x64
		{E53B7CEA-FB4A-4E98-8D77-31E82CD1409B}.Debug|x86.ActiveCfg = Debug|Win32
		{E53B7CEA-FB4A-4E98-8D77-31E82CD1409B}.Debug|x86.Build.0 = Debug|Win32
		{E53B7CEA-FB4A-4E98-8D77-31E82CD1409B}.Release|x64.ActiveCfg = Release|x64
		{E53B7CEA-FB4A-4E98-8D77-31E82CD1409B}.Release|x64.Build.0 = Release|x64
		{E53B7CEA-FB4A-4E98-8D77-31E82CD1409B}.Release|x86.ActiveCfg = Release|Win32
		{E53B7CEA-FB4A-4E98-8D77-31E82CD1409B}.Release|x86.Build.0 = Release|Win32
	EndGlobalSection
	GlobalSection(SolutionProperties) = preSolution
		HideSolutionNode = FALSE
	EndGlobalSection
	GlobalSection(ExtensibilityGlobals) = postSolution
		SolutionGuid = {4F1A7C6F-8EF8-414D-BFBC-F7F1A27B385C}
	EndGlobalSection
EndGlobal
